// !$*UTF8*$!
{
	archiveVersion = 1;
	classes = {
	};
	objectVersion = 46;
	objects = {

/* Begin PBXBuildFile section */
		274440AC1B7B159900FC791D /* FavouriteViewController.swift in Sources */ = {isa = PBXBuildFile; fileRef = 274440AB1B7B159900FC791D /* FavouriteViewController.swift */; };
		274440AE1B7B160400FC791D /* MoreViewController.swift in Sources */ = {isa = PBXBuildFile; fileRef = 274440AD1B7B160400FC791D /* MoreViewController.swift */; };
		274440B01B7B170900FC791D /* CollectionViewController.swift in Sources */ = {isa = PBXBuildFile; fileRef = 274440AF1B7B170900FC791D /* CollectionViewController.swift */; };
		279859F71B79F3060049F015 /* AppDelegate.swift in Sources */ = {isa = PBXBuildFile; fileRef = 279859F61B79F3060049F015 /* AppDelegate.swift */; };
		279859F91B79F3060049F015 /* ViewController.swift in Sources */ = {isa = PBXBuildFile; fileRef = 279859F81B79F3060049F015 /* ViewController.swift */; };
		279859FC1B79F3060049F015 /* Main.storyboard in Resources */ = {isa = PBXBuildFile; fileRef = 279859FA1B79F3060049F015 /* Main.storyboard */; };
		279859FE1B79F3060049F015 /* Images.xcassets in Resources */ = {isa = PBXBuildFile; fileRef = 279859FD1B79F3060049F015 /* Images.xcassets */; };
		27985A011B79F3060049F015 /* LaunchScreen.xib in Resources */ = {isa = PBXBuildFile; fileRef = 279859FF1B79F3060049F015 /* LaunchScreen.xib */; };
		27985A0D1B79F3060049F015 /* ToDoTests.swift in Sources */ = {isa = PBXBuildFile; fileRef = 27985A0C1B79F3060049F015 /* ToDoTests.swift */; };
		27985A171B79F5600049F015 /* ToDoModel.swift in Sources */ = {isa = PBXBuildFile; fileRef = 27985A161B79F5600049F015 /* ToDoModel.swift */; };
		27985A251B7A195D0049F015 /* AddViewController.swift in Sources */ = {isa = PBXBuildFile; fileRef = 27985A241B7A195D0049F015 /* AddViewController.swift */; };
/* End PBXBuildFile section */

/* Begin PBXContainerItemProxy section */
		27985A071B79F3060049F015 /* PBXContainerItemProxy */ = {
			isa = PBXContainerItemProxy;
			containerPortal = 279859E91B79F3060049F015 /* Project object */;
			proxyType = 1;
			remoteGlobalIDString = 279859F01B79F3060049F015;
			remoteInfo = ToDo;
		};
/* End PBXContainerItemProxy section */

/* Begin PBXFileReference section */
		274440AB1B7B159900FC791D /* FavouriteViewController.swift */ = {isa = PBXFileReference; fileEncoding = 4; lastKnownFileType = sourcecode.swift; path = FavouriteViewController.swift; sourceTree = "<group>"; };
		274440AD1B7B160400FC791D /* MoreViewController.swift */ = {isa = PBXFileReference; fileEncoding = 4; lastKnownFileType = sourcecode.swift; path = MoreViewController.swift; sourceTree = "<group>"; };
		274440AF1B7B170900FC791D /* CollectionViewController.swift */ = {isa = PBXFileReference; fileEncoding = 4; lastKnownFileType = sourcecode.swift; path = CollectionViewController.swift; sourceTree = "<group>"; };
		279859F11B79F3060049F015 /* ToDo.app */ = {isa = PBXFileReference; explicitFileType = wrapper.application; includeInIndex = 0; path = ToDo.app; sourceTree = BUILT_PRODUCTS_DIR; };
		279859F51B79F3060049F015 /* Info.plist */ = {isa = PBXFileReference; lastKnownFileType = text.plist.xml; path = Info.plist; sourceTree = "<group>"; };
		279859F61B79F3060049F015 /* AppDelegate.swift */ = {isa = PBXFileReference; lastKnownFileType = sourcecode.swift; path = AppDelegate.swift; sourceTree = "<group>"; };
		279859F81B79F3060049F015 /* ViewController.swift */ = {isa = PBXFileReference; lastKnownFileType = sourcecode.swift; path = ViewController.swift; sourceTree = "<group>"; };
		279859FB1B79F3060049F015 /* Base */ = {isa = PBXFileReference; lastKnownFileType = file.storyboard; name = Base; path = Base.lproj/Main.storyboard; sourceTree = "<group>"; };
		279859FD1B79F3060049F015 /* Images.xcassets */ = {isa = PBXFileReference; lastKnownFileType = folder.assetcatalog; path = Images.xcassets; sourceTree = "<group>"; };
		27985A001B79F3060049F015 /* Base */ = {isa = PBXFileReference; lastKnownFileType = file.xib; name = Base; path = Base.lproj/LaunchScreen.xib; sourceTree = "<group>"; };
		27985A061B79F3060049F015 /* ToDoTests.xctest */ = {isa = PBXFileReference; explicitFileType = wrapper.cfbundle; includeInIndex = 0; path = ToDoTests.xctest; sourceTree = BUILT_PRODUCTS_DIR; };
		27985A0B1B79F3060049F015 /* Info.plist */ = {isa = PBXFileReference; lastKnownFileType = text.plist.xml; path = Info.plist; sourceTree = "<group>"; };
		27985A0C1B79F3060049F015 /* ToDoTests.swift */ = {isa = PBXFileReference; lastKnownFileType = sourcecode.swift; path = ToDoTests.swift; sourceTree = "<group>"; };
		27985A161B79F5600049F015 /* ToDoModel.swift */ = {isa = PBXFileReference; fileEncoding = 4; lastKnownFileType = sourcecode.swift; path = ToDoModel.swift; sourceTree = "<group>"; };
		27985A241B7A195D0049F015 /* AddViewController.swift */ = {isa = PBXFileReference; fileEncoding = 4; lastKnownFileType = sourcecode.swift; path = AddViewController.swift; sourceTree = "<group>"; };
/* End PBXFileReference section */

/* Begin PBXFrameworksBuildPhase section */
		279859EE1B79F3060049F015 /* Frameworks */ = {
			isa = PBXFrameworksBuildPhase;
			buildActionMask = 2147483647;
			files = (
			);
			runOnlyForDeploymentPostprocessing = 0;
		};
		27985A031B79F3060049F015 /* Frameworks */ = {
			isa = PBXFrameworksBuildPhase;
			buildActionMask = 2147483647;
			files = (
			);
			runOnlyForDeploymentPostprocessing = 0;
		};
/* End PBXFrameworksBuildPhase section */

/* Begin PBXGroup section */
		279859E81B79F3060049F015 = {
			isa = PBXGroup;
			children = (
				279859F31B79F3060049F015 /* ToDo */,
				27985A091B79F3060049F015 /* ToDoTests */,
				279859F21B79F3060049F015 /* Products */,
			);
			sourceTree = "<group>";
		};
		279859F21B79F3060049F015 /* Products */ = {
			isa = PBXGroup;
			children = (
				279859F11B79F3060049F015 /* ToDo.app */,
				27985A061B79F3060049F015 /* ToDoTests.xctest */,
			);
			name = Products;
			sourceTree = "<group>";
		};
		279859F31B79F3060049F015 /* ToDo */ = {
			isa = PBXGroup;
			children = (
				279859F61B79F3060049F015 /* AppDelegate.swift */,
				279859F81B79F3060049F015 /* ViewController.swift */,
				274440AB1B7B159900FC791D /* FavouriteViewController.swift */,
				274440AF1B7B170900FC791D /* CollectionViewController.swift */,
				274440AD1B7B160400FC791D /* MoreViewController.swift */,
				27985A241B7A195D0049F015 /* AddViewController.swift */,
				27985A161B79F5600049F015 /* ToDoModel.swift */,
				279859FA1B79F3060049F015 /* Main.storyboard */,
				279859FD1B79F3060049F015 /* Images.xcassets */,
				279859FF1B79F3060049F015 /* LaunchScreen.xib */,
				279859F41B79F3060049F015 /* Supporting Files */,
			);
			path = ToDo;
			sourceTree = "<group>";
		};
		279859F41B79F3060049F015 /* Supporting Files */ = {
			isa = PBXGroup;
			children = (
				279859F51B79F3060049F015 /* Info.plist */,
			);
			name = "Supporting Files";
			sourceTree = "<group>";
		};
		27985A091B79F3060049F015 /* ToDoTests */ = {
			isa = PBXGroup;
			children = (
				27985A0C1B79F3060049F015 /* ToDoTests.swift */,
				27985A0A1B79F3060049F015 /* Supporting Files */,
			);
			path = ToDoTests;
			sourceTree = "<group>";
		};
		27985A0A1B79F3060049F015 /* Supporting Files */ = {
			isa = PBXGroup;
			children = (
				27985A0B1B79F3060049F015 /* Info.plist */,
			);
			name = "Supporting Files";
			sourceTree = "<group>";
		};
/* End PBXGroup section */

/* Begin PBXNativeTarget section */
		279859F01B79F3060049F015 /* ToDo */ = {
			isa = PBXNativeTarget;
			buildConfigurationList = 27985A101B79F3060049F015 /* Build configuration list for PBXNativeTarget "ToDo" */;
			buildPhases = (
				279859ED1B79F3060049F015 /* Sources */,
				279859EE1B79F3060049F015 /* Frameworks */,
				279859EF1B79F3060049F015 /* Resources */,
			);
			buildRules = (
			);
			dependencies = (
			);
			name = ToDo;
			productName = ToDo;
			productReference = 279859F11B79F3060049F015 /* ToDo.app */;
			productType = "com.apple.product-type.application";
		};
		27985A051B79F3060049F015 /* ToDoTests */ = {
			isa = PBXNativeTarget;
			buildConfigurationList = 27985A131B79F3060049F015 /* Build configuration list for PBXNativeTarget "ToDoTests" */;
			buildPhases = (
				27985A021B79F3060049F015 /* Sources */,
				27985A031B79F3060049F015 /* Frameworks */,
				27985A041B79F3060049F015 /* Resources */,
			);
			buildRules = (
			);
			dependencies = (
				27985A081B79F3060049F015 /* PBXTargetDependency */,
			);
			name = ToDoTests;
			productName = ToDoTests;
			productReference = 27985A061B79F3060049F015 /* ToDoTests.xctest */;
			productType = "com.apple.product-type.bundle.unit-test";
		};
/* End PBXNativeTarget section */

/* Begin PBXProject section */
		279859E91B79F3060049F015 /* Project object */ = {
			isa = PBXProject;
			attributes = {
				LastUpgradeCheck = 0630;
				ORGANIZATIONNAME = ldf;
				TargetAttributes = {
					279859F01B79F3060049F015 = {
						CreatedOnToolsVersion = 6.3.1;
					};
					27985A051B79F3060049F015 = {
						CreatedOnToolsVersion = 6.3.1;
						TestTargetID = 279859F01B79F3060049F015;
					};
				};
			};
			buildConfigurationList = 279859EC1B79F3060049F015 /* Build configuration list for PBXProject "ToDo" */;
			compatibilityVersion = "Xcode 3.2";
			developmentRegion = English;
			hasScannedForEncodings = 0;
			knownRegions = (
				en,
				Base,
			);
			mainGroup = 279859E81B79F3060049F015;
			productRefGroup = 279859F21B79F3060049F015 /* Products */;
			projectDirPath = "";
			projectRoot = "";
			targets = (
				279859F01B79F3060049F015 /* ToDo */,
				27985A051B79F3060049F015 /* ToDoTests */,
			);
		};
/* End PBXProject section */

/* Begin PBXResourcesBuildPhase section */
		279859EF1B79F3060049F015 /* Resources */ = {
			isa = PBXResourcesBuildPhase;
			buildActionMask = 2147483647;
			files = (
				279859FC1B79F3060049F015 /* Main.storyboard in Resources */,
				27985A011B79F3060049F015 /* LaunchScreen.xib in Resources */,
				279859FE1B79F3060049F015 /* Images.xcassets in Resources */,
			);
			runOnlyForDeploymentPostprocessing = 0;
		};
		27985A041B79F3060049F015 /* Resources */ = {
			isa = PBXResourcesBuildPhase;
			buildActionMask = 2147483647;
			files = (
			);
			runOnlyForDeploymentPostprocessing = 0;
		};
/* End PBXResourcesBuildPhase section */

/* Begin PBXSourcesBuildPhase section */
		279859ED1B79F3060049F015 /* Sources */ = {
			isa = PBXSourcesBuildPhase;
			buildActionMask = 2147483647;
			files = (
				279859F91B79F3060049F015 /* ViewController.swift in Sources */,
				279859F71B79F3060049F015 /* AppDelegate.swift in Sources */,
				27985A251B7A195D0049F015 /* AddViewController.swift in Sources */,
				274440AE1B7B160400FC791D /* MoreViewController.swift in Sources */,
				274440B01B7B170900FC791D /* CollectionViewController.swift in Sources */,
				274440AC1B7B159900FC791D /* FavouriteViewController.swift in Sources */,
				27985A171B79F5600049F015 /* ToDoModel.swift in Sources */,
			);
			runOnlyForDeploymentPostprocessing = 0;
		};
		27985A021B79F3060049F015 /* Sources */ = {
			isa = PBXSourcesBuildPhase;
			buildActionMask = 2147483647;
			files = (
				27985A0D1B79F3060049F015 /* ToDoTests.swift in Sources */,
			);
			runOnlyForDeploymentPostprocessing = 0;
		};
/* End PBXSourcesBuildPhase section */

/* Begin PBXTargetDependency section */
		27985A081B79F3060049F015 /* PBXTargetDependency */ = {
			isa = PBXTargetDependency;
			target = 279859F01B79F3060049F015 /* ToDo */;
			targetProxy = 27985A071B79F3060049F015 /* PBXContainerItemProxy */;
		};
/* End PBXTargetDependency section */

/* Begin PBXVariantGroup section */
		279859FA1B79F3060049F015 /* Main.storyboard */ = {
			isa = PBXVariantGroup;
			children = (
				279859FB1B79F3060049F015 /* Base */,
			);
			name = Main.storyboard;
			sourceTree = "<group>";
		};
		279859FF1B79F3060049F015 /* LaunchScreen.xib */ = {
			isa = PBXVariantGroup;
			children = (
				27985A001B79F3060049F015 /* Base */,
			);
			name = LaunchScreen.xib;
			sourceTree = "<group>";
		};
/* End PBXVariantGroup section */

/* Begin XCBuildConfiguration section */
		27985A0E1B79F3060049F015 /* Debug */ = {
			isa = XCBuildConfiguration;
			buildSettings = {
				ALWAYS_SEARCH_USER_PATHS = NO;
				CLANG_CXX_LANGUAGE_STANDARD = "gnu++0x";
				CLANG_CXX_LIBRARY = "libc++";
				CLANG_ENABLE_MODULES = YES;
				CLANG_ENABLE_OBJC_ARC = YES;
				CLANG_WARN_BOOL_CONVERSION = YES;
				CLANG_WARN_CONSTANT_CONVERSION = YES;
				CLANG_WARN_DIRECT_OBJC_ISA_USAGE = YES_ERROR;
				CLANG_WARN_EMPTY_BODY = YES;
				CLANG_WARN_ENUM_CONVERSION = YES;
				CLANG_WARN_INT_CONVERSION = YES;
				CLANG_WARN_OBJC_ROOT_CLASS = YES_ERROR;
				CLANG_WARN_UNREACHABLE_CODE = YES;
				CLANG_WARN__DUPLICATE_METHOD_MATCH = YES;
				"CODE_SIGN_IDENTITY[sdk=iphoneos*]" = "iPhone Developer";
				COPY_PHASE_STRIP = NO;
				DEBUG_INFORMATION_FORMAT = "dwarf-with-dsym";
				ENABLE_STRICT_OBJC_MSGSEND = YES;
				GCC_C_LANGUAGE_STANDARD = gnu99;
				GCC_DYNAMIC_NO_PIC = NO;
				GCC_NO_COMMON_BLOCKS = YES;
				GCC_OPTIMIZATION_LEVEL = 0;
				GCC_PREPROCESSOR_DEFINITIONS = (
					"DEBUG=1",
					"$(inherited)",
				);
				GCC_SYMBOLS_PRIVATE_EXTERN = NO;
				GCC_WARN_64_TO_32_BIT_CONVERSION = YES;
				GCC_WARN_ABOUT_RETURN_TYPE = YES_ERROR;
				GCC_WARN_UNDECLARED_SELECTOR = YES;
				GCC_WARN_UNINITIALIZED_AUTOS = YES_AGGRESSIVE;
				GCC_WARN_UNUSED_FUNCTION = YES;
				GCC_WARN_UNUSED_VARIABLE = YES;
				IPHONEOS_DEPLOYMENT_TARGET = 8.3;
				MTL_ENABLE_DEBUG_INFO = YES;
				ONLY_ACTIVE_ARCH = YES;
				SDKROOT = iphoneos;
				SWIFT_OPTIMIZATION_LEVEL = "-Onone";
			};
			name = Debug;
		};
		27985A0F1B79F3060049F015 /* Release */ = {
			isa = XCBuildConfiguration;
			buildSettings = {
				ALWAYS_SEARCH_USER_PATHS = NO;
				CLANG_CXX_LANGUAGE_STANDARD = "gnu++0x";
				CLANG_CXX_LIBRARY = "libc++";
				CLANG_ENABLE_MODULES = YES;
				CLANG_ENABLE_OBJC_ARC = YES;
				CLANG_WARN_BOOL_CONVERSION = YES;
				CLANG_WARN_CONSTANT_CONVERSION = YES;
				CLANG_WARN_DIRECT_OBJC_ISA_USAGE = YES_ERROR;
				CLANG_WARN_EMPTY_BODY = YES;
				CLANG_WARN_ENUM_CONVERSION = YES;
				CLANG_WARN_INT_CONVERSION = YES;
				CLANG_WARN_OBJC_ROOT_CLASS = YES_ERROR;
				CLANG_WARN_UNREACHABLE_CODE = YES;
				CLANG_WARN__DUPLICATE_METHOD_MATCH = YES;
				"CODE_SIGN_IDENTITY[sdk=iphoneos*]" = "iPhone Developer";
				COPY_PHASE_STRIP = NO;
				DEBUG_INFORMATION_FORMAT = "dwarf-with-dsym";
				ENABLE_NS_ASSERTIONS = NO;
				ENABLE_STRICT_OBJC_MSGSEND = YES;
				GCC_C_LANGUAGE_STANDARD = gnu99;
				GCC_NO_COMMON_BLOCKS = YES;
				GCC_WARN_64_TO_32_BIT_CONVERSION = YES;
				GCC_WARN_ABOUT_RETURN_TYPE = YES_ERROR;
				GCC_WARN_UNDECLARED_SELECTOR = YES;
				GCC_WARN_UNINITIALIZED_AUTOS = YES_AGGRESSIVE;
				GCC_WARN_UNUSED_FUNCTION = YES;
				GCC_WARN_UNUSED_VARIABLE = YES;
				IPHONEOS_DEPLOYMENT_TARGET = 8.3;
				MTL_ENABLE_DEBUG_INFO = NO;
				SDKROOT = iphoneos;
				VALIDATE_PRODUCT = YES;
			};
			name = Release;
		};
		27985A111B79F3060049F015 /* Debug */ = {
			isa = XCBuildConfiguration;
			buildSettings = {
				ASSETCATALOG_COMPILER_APPICON_NAME = AppIcon;
				INFOPLIST_FILE = ToDo/Info.plist;
				IPHONEOS_DEPLOYMENT_TARGET = 8.0;
				LD_RUNPATH_SEARCH_PATHS = "$(inherited) @executable_path/Frameworks";
				PRODUCT_NAME = "$(TARGET_NAME)";
			};
			name = Debug;
		};
		27985A121B79F3060049F015 /* Release */ = {
			isa = XCBuildConfiguration;
			buildSettings = {
				ASSETCATALOG_COMPILER_APPICON_NAME = AppIcon;
				INFOPLIST_FILE = ToDo/Info.plist;
				IPHONEOS_DEPLOYMENT_TARGET = 8.0;
				LD_RUNPATH_SEARCH_PATHS = "$(inherited) @executable_path/Frameworks";
				PRODUCT_NAME = "$(TARGET_NAME)";
			};
			name = Release;
		};
		27985A141B79F3060049F015 /* Debug */ = {
			isa = XCBuildConfiguration;
			buildSettings = {
				BUNDLE_LOADER = "$(TEST_HOST)";
				FRAMEWORK_SEARCH_PATHS = (
					"$(SDKROOT)/Developer/Library/Frameworks",
					"$(inherited)",
				);
				GCC_PREPROCESSOR_DEFINITIONS = (
					"DEBUG=1",
					"$(inherited)",
				);
				INFOPLIST_FILE = ToDoTests/Info.plist;
				LD_RUNPATH_SEARCH_PATHS = "$(inherited) @executable_path/Frameworks @loader_path/Frameworks";
				PRODUCT_NAME = "$(TARGET_NAME)";
				TEST_HOST = "$(BUILT_PRODUCTS_DIR)/ToDo.app/ToDo";
			};
			name = Debug;
		};
		27985A151B79F3060049F015 /* Release */ = {
			isa = XCBuildConfiguration;
			buildSettings = {
				BUNDLE_LOADER = "$(TEST_HOST)";
				FRAMEWORK_SEARCH_PATHS = (
					"$(SDKROOT)/Developer/Library/Frameworks",
					"$(inherited)",
				);
				INFOPLIST_FILE = ToDoTests/Info.plist;
				LD_RUNPATH_SEARCH_PATHS = "$(inherited) @executable_path/Frameworks @loader_path/Frameworks";
				PRODUCT_NAME = "$(TARGET_NAME)";
				TEST_HOST = "$(BUILT_PRODUCTS_DIR)/ToDo.app/ToDo";
			};
			name = Release;
		};
/* End XCBuildConfiguration section */

/* Begin XCConfigurationList section */
		279859EC1B79F3060049F015 /* Build configuration list for PBXProject "ToDo" */ = {
			isa = XCConfigurationList;
			buildConfigurations = (
				27985A0E1B79F3060049F015 /* Debug */,
				27985A0F1B79F3060049F015 /* Release */,
			);
			defaultConfigurationIsVisible = 0;
			defaultConfigurationName = Release;
		};
		27985A101B79F3060049F015 /* Build configuration list for PBXNativeTarget "ToDo" */ = {
			isa = XCConfigurationList;
			buildConfigurations = (
				27985A111B79F3060049F015 /* Debug */,
				27985A121B79F3060049F015 /* Release */,
			);
			defaultConfigurationIsVisible = 0;
			defaultConfigurationName = Release;
		};
		27985A131B79F3060049F015 /* Build configuration list for PBXNativeTarget "ToDoTests" */ = {
			isa = XCConfigurationList;
			buildConfigurations = (
				27985A141B79F3060049F015 /* Debug */,
				27985A151B79F3060049F015 /* Release */,
			);
			defaultConfigurationIsVisible = 0;
			defaultConfigurationName = Release;
		};
/* End XCConfigurationList section */
	};
	rootObject = 279859E91B79F3060049F015 /* Project object */;
}
